
Microsoft Visual Studio Solution File, Format Version 12.00
# Visual Studio Version 17
VisualStudioVersion = 17.4.33205.214
MinimumVisualStudioVersion = 10.0.40219.1
Project("{9A19103F-16F7-4668-BE54-9A1E7A4F7556}") = "dotNET lab12", "dotNET lab12\dotNET lab12.csproj", "{4494630C-67B7-44C4-88B2-952EBB38ECAD}"
EndProject
Global
	GlobalSection(SolutionConfigurationPlatforms) = preSolution
		Debug|Any CPU = Debug|Any CPU
		Release|Any CPU = Release|Any CPU
	EndGlobalSection
	GlobalSection(ProjectConfigurationPlatforms) = postSolution
		{4494630C-67B7-44C4-88B2-952EBB38ECAD}.Debug|Any CPU.ActiveCfg = Debug|Any CPU
		{4494630C-67B7-44C4-88B2-952EBB38ECAD}.Debug|Any CPU.Build.0 = Debug|Any CPU
		{4494630C-67B7-44C4-88B2-952EBB38ECAD}.Release|Any CPU.ActiveCfg = Release|Any CPU
		{4494630C-67B7-44C4-88B2-952EBB38ECAD}.Release|Any CPU.Build.0 = Release|Any CPU
	EndGlobalSection
	GlobalSection(SolutionProperties) = preSolution
		HideSolutionNode = FALSE
	EndGlobalSection
	GlobalSection(ExtensibilityGlobals) = postSolution
		SolutionGuid = {822E01D0-125F-46B5-A049-F2630BB4DF1F}
	EndGlobalSection
EndGlobal
