
Microsoft Visual Studio Solution File, Format Version 12.00
# Visual Studio Version 16
VisualStudioVersion = 16.0.30804.86
MinimumVisualStudioVersion = 10.0.40219.1
Project("{FAE04EC0-301F-11D3-BF4B-00C04F79EFBC}") = "WebAppStudentWithIdentity", "WebAppStudentWithIdentity\WebAppStudentWithIdentity.csproj", "{8D10EE8B-866B-46A4-A8B2-DB09EDEDDBDE}"
EndProject
Global
	GlobalSection(SolutionConfigurationPlatforms) = preSolution
		Debug|Any CPU = Debug|Any CPU
		Release|Any CPU = Release|Any CPU
	EndGlobalSection
	GlobalSection(ProjectConfigurationPlatforms) = postSolution
		{8D10EE8B-866B-46A4-A8B2-DB09EDEDDBDE}.Debug|Any CPU.ActiveCfg = Debug|Any CPU
		{8D10EE8B-866B-46A4-A8B2-DB09EDEDDBDE}.Debug|Any CPU.Build.0 = Debug|Any CPU
		{8D10EE8B-866B-46A4-A8B2-DB09EDEDDBDE}.Release|Any CPU.ActiveCfg = Release|Any CPU
		{8D10EE8B-866B-46A4-A8B2-DB09EDEDDBDE}.Release|Any CPU.Build.0 = Release|Any CPU
	EndGlobalSection
	GlobalSection(SolutionProperties) = preSolution
		HideSolutionNode = FALSE
	EndGlobalSection
	GlobalSection(ExtensibilityGlobals) = postSolution
		SolutionGuid = {FCEFC103-66E9-4EE1-B978-685D2388C1E4}
	EndGlobalSection
EndGlobal
